Microsoft Visual Studio Solution File, Format Version 12.00
# Visual Studio Version 17
VisualStudioVersion = 17.5.2.0
MinimumVisualStudioVersion = 10.0.40219.1
Project("{FAE04EC0-301F-11D3-BF4B-00C04F79EFBC}") = "QuanVitLonManager", "QuanVitLonManager.csproj", "{5F3000D4-5EB7-893C-9E60-5642C3F7641E}"
EndProject
Global
	GlobalSection(SolutionConfigurationPlatforms) = preSolution
		Debug|Any CPU = Debug|Any CPU
		Release|Any CPU = Release|Any CPU
	EndGlobalSection
	GlobalSection(ProjectConfigurationPlatforms) = postSolution
		{5F3000D4-5EB7-893C-9E60-5642C3F7641E}.Debug|Any CPU.ActiveCfg = Debug|Any CPU
		{5F3000D4-5EB7-893C-9E60-5642C3F7641E}.Debug|Any CPU.Build.0 = Debug|Any CPU
		{5F3000D4-5EB7-893C-9E60-5642C3F7641E}.Release|Any CPU.ActiveCfg = Release|Any CPU
		{5F3000D4-5EB7-893C-9E60-5642C3F7641E}.Release|Any CPU.Build.0 = Release|Any CPU
	EndGlobalSection
	GlobalSection(SolutionProperties) = preSolution
		HideSolutionNode = FALSE
	EndGlobalSection
	GlobalSection(ExtensibilityGlobals) = postSolution
		SolutionGuid = {4EA08E78-9ACD-4F26-B22F-5B4D00661F87}
	EndGlobalSection
EndGlobal
